
Microsoft Visual Studio Solution File, Format Version 12.00
# Visual Studio Version 16
VisualStudioVersion = 16.0.32106.194
MinimumVisualStudioVersion = 10.0.40219.1
Project("{FAE04EC0-301F-11D3-BF4B-00C04F79EFBC}") = "SCADACore", "SCADA_Core_WCFService\SCADACore.csproj", "{5BE65D3D-5EEB-4DF8-AED7-EF6AE12A6973}"
EndProject
Project("{FAE04EC0-301F-11D3-BF4B-00C04F79EFBC}") = "Simulation", "Simulation\Simulation.csproj", "{09AF204E-B8C9-4C30-BA53-6C56A22D1E21}"
EndProject
Project("{FAE04EC0-301F-11D3-BF4B-00C04F79EFBC}") = "DatabaseManager", "DatabaseManager\DatabaseManager.csproj", "{8E3212C3-4999-417C-94DE-FDC11B891A15}"
EndProject
Project("{FAE04EC0-301F-11D3-BF4B-00C04F79EFBC}") = "Trending_App", "Trending_App\Trending_App.csproj", "{DD8C8580-7E88-4C87-A9A0-60225C6574C4}"
EndProject
Project("{FAE04EC0-301F-11D3-BF4B-00C04F79EFBC}") = "AlarmDisplay", "AlarmDisplay\AlarmDisplay.csproj", "{EC9C8481-3461-4ED5-8933-026FEA0B335B}"
EndProject
Global
	GlobalSection(SolutionConfigurationPlatforms) = preSolution
		Debug|Any CPU = Debug|Any CPU
		Release|Any CPU = Release|Any CPU
	EndGlobalSection
	GlobalSection(ProjectConfigurationPlatforms) = postSolution
		{5BE65D3D-5EEB-4DF8-AED7-EF6AE12A6973}.Debug|Any CPU.ActiveCfg = Debug|Any CPU
		{5BE65D3D-5EEB-4DF8-AED7-EF6AE12A6973}.Debug|Any CPU.Build.0 = Debug|Any CPU
		{5BE65D3D-5EEB-4DF8-AED7-EF6AE12A6973}.Release|Any CPU.ActiveCfg = Release|Any CPU
		{5BE65D3D-5EEB-4DF8-AED7-EF6AE12A6973}.Release|Any CPU.Build.0 = Release|Any CPU
		{09AF204E-B8C9-4C30-BA53-6C56A22D1E21}.Debug|Any CPU.ActiveCfg = Debug|Any CPU
		{09AF204E-B8C9-4C30-BA53-6C56A22D1E21}.Debug|Any CPU.Build.0 = Debug|Any CPU
		{09AF204E-B8C9-4C30-BA53-6C56A22D1E21}.Release|Any CPU.ActiveCfg = Release|Any CPU
		{09AF204E-B8C9-4C30-BA53-6C56A22D1E21}.Release|Any CPU.Build.0 = Release|Any CPU
		{8E3212C3-4999-417C-94DE-FDC11B891A15}.Debug|Any CPU.ActiveCfg = Debug|Any CPU
		{8E3212C3-4999-417C-94DE-FDC11B891A15}.Debug|Any CPU.Build.0 = Debug|Any CPU
		{8E3212C3-4999-417C-94DE-FDC11B891A15}.Release|Any CPU.ActiveCfg = Release|Any CPU
		{8E3212C3-4999-417C-94DE-FDC11B891A15}.Release|Any CPU.Build.0 = Release|Any CPU
		{DD8C8580-7E88-4C87-A9A0-60225C6574C4}.Debug|Any CPU.ActiveCfg = Debug|Any CPU
		{DD8C8580-7E88-4C87-A9A0-60225C6574C4}.Debug|Any CPU.Build.0 = Debug|Any CPU
		{DD8C8580-7E88-4C87-A9A0-60225C6574C4}.Release|Any CPU.ActiveCfg = Release|Any CPU
		{DD8C8580-7E88-4C87-A9A0-60225C6574C4}.Release|Any CPU.Build.0 = Release|Any CPU
		{EC9C8481-3461-4ED5-8933-026FEA0B335B}.Debug|Any CPU.ActiveCfg = Debug|Any CPU
		{EC9C8481-3461-4ED5-8933-026FEA0B335B}.Debug|Any CPU.Build.0 = Debug|Any CPU
		{EC9C8481-3461-4ED5-8933-026FEA0B335B}.Release|Any CPU.ActiveCfg = Release|Any CPU
		{EC9C8481-3461-4ED5-8933-026FEA0B335B}.Release|Any CPU.Build.0 = Release|Any CPU
	EndGlobalSection
	GlobalSection(SolutionProperties) = preSolution
		HideSolutionNode = FALSE
	EndGlobalSection
	GlobalSection(ExtensibilityGlobals) = postSolution
		SolutionGuid = {6C6FB43A-8293-4102-BE71-5F516E0D31D2}
	EndGlobalSection
EndGlobal
